<?xml version="1.0" encoding="utf-8"?>
<Project ToolsVersion="4.0" xmlns="http://schemas.microsoft.com/developer/msbuild/2003">
  <ItemGroup>
    <Filter Include="Header Files">
      <UniqueIdentifier>{117f41f6-8cd6-4d85-8166-5cec1e6e21c7}</UniqueIdentifier>
      <Extensions>h;hpp;hxx;hm;inl;inc;xsd</Extensions>
    </Filter>
    <Filter Include="Source Files">
      <UniqueIdentifier>{d932b1d8-8a63-4702-b338-9bde0b856aad}</UniqueIdentifier>
      <Extensions>cpp;c;cc;cxx;def;odl;idl;hpj;bat;asm;asmx</Extensions>
    </Filter>
  </ItemGroup>
  <ItemGroup>
    <ClCompile Include="..\ID3v2\source\Frame\ID3v2-Frame-Unknown.cpp">
      <Filter>Source Files</Filter>
    </ClCompile>
    <ClCompile Include="..\ID3v2\source\Frame\v22\ID3v2-Frame-BUF.cpp">
      <Filter>Source Files</Filter>
    </ClCompile>
    <ClCompile Include="..\ID3v2\source\Frame\v22\ID3v2-Frame-CNT.cpp">
      <Filter>Source Files</Filter>
    </ClCompile>
    <ClCompile Include="..\ID3v2\source\Frame\v22\ID3v2-Frame-COM.cpp">
      <Filter>Source Files</Filter>
    </ClCompile>
    <ClCompile Include="..\ID3v2\source\Frame\v22\ID3v2-Frame-CRA.cpp">
      <Filter>Source Files</Filter>
    </ClCompile>
    <ClCompile Include="..\ID3v2\source\Frame\v22\ID3v2-Frame-CRM.cpp">
      <Filter>Source Files</Filter>
    </ClCompile>
    <ClCompile Include="..\ID3v2\source\Frame\v22\ID3v2-Frame-EQU.cpp">
      <Filter>Source Files</Filter>
    </ClCompile>
    <ClCompile Include="..\ID3v2\source\Frame\v22\ID3v2-Frame-ETC.cpp">
      <Filter>Source Files</Filter>
    </ClCompile>
    <ClCompile Include="..\ID3v2\source\Frame\v22\ID3v2-Frame-GEO.cpp">
      <Filter>Source Files</Filter>
    </ClCompile>
    <ClCompile Include="..\ID3v2\source\Frame\v22\ID3v2-Frame-IPL.cpp">
      <Filter>Source Files</Filter>
    </ClCompile>
    <ClCompile Include="..\ID3v2\source\Frame\v22\ID3v2-Frame-LNK.cpp">
      <Filter>Source Files</Filter>
    </ClCompile>
    <ClCompile Include="..\ID3v2\source\Frame\v22\ID3v2-Frame-MCI.cpp">
      <Filter>Source Files</Filter>
    </ClCompile>
    <ClCompile Include="..\ID3v2\source\Frame\v22\ID3v2-Frame-MLL.cpp">
      <Filter>Source Files</Filter>
    </ClCompile>
    <ClCompile Include="..\ID3v2\source\Frame\v22\ID3v2-Frame-PIC.cpp">
      <Filter>Source Files</Filter>
    </ClCompile>
    <ClCompile Include="..\ID3v2\source\Frame\v22\ID3v2-Frame-POP.cpp">
      <Filter>Source Files</Filter>
    </ClCompile>
    <ClCompile Include="..\ID3v2\source\Frame\v22\ID3v2-Frame-REV.cpp">
      <Filter>Source Files</Filter>
    </ClCompile>
    <ClCompile Include="..\ID3v2\source\Frame\v22\ID3v2-Frame-RVA.cpp">
      <Filter>Source Files</Filter>
    </ClCompile>
    <ClCompile Include="..\ID3v2\source\Frame\v22\ID3v2-Frame-SLT.cpp">
      <Filter>Source Files</Filter>
    </ClCompile>
    <ClCompile Include="..\ID3v2\source\Frame\v22\ID3v2-Frame-STC.cpp">
      <Filter>Source Files</Filter>
    </ClCompile>
    <ClCompile Include="..\ID3v2\source\Frame\v22\ID3v2-Frame-TAL.cpp">
      <Filter>Source Files</Filter>
    </ClCompile>
    <ClCompile Include="..\ID3v2\source\Frame\v22\ID3v2-Frame-TBP.cpp">
      <Filter>Source Files</Filter>
    </ClCompile>
    <ClCompile Include="..\ID3v2\source\Frame\v22\ID3v2-Frame-TCM.cpp">
      <Filter>Source Files</Filter>
    </ClCompile>
    <ClCompile Include="..\ID3v2\source\Frame\v22\ID3v2-Frame-TCO.cpp">
      <Filter>Source Files</Filter>
    </ClCompile>
    <ClCompile Include="..\ID3v2\source\Frame\v22\ID3v2-Frame-TCR.cpp">
      <Filter>Source Files</Filter>
    </ClCompile>
    <ClCompile Include="..\ID3v2\source\Frame\v22\ID3v2-Frame-TDA.cpp">
      <Filter>Source Files</Filter>
    </ClCompile>
    <ClCompile Include="..\ID3v2\source\Frame\v22\ID3v2-Frame-TDY.cpp">
      <Filter>Source Files</Filter>
    </ClCompile>
    <ClCompile Include="..\ID3v2\source\Frame\v22\ID3v2-Frame-TEN.cpp">
      <Filter>Source Files</Filter>
    </ClCompile>
    <ClCompile Include="..\ID3v2\source\Frame\v22\ID3v2-Frame-TFT.cpp">
      <Filter>Source Files</Filter>
    </ClCompile>
    <ClCompile Include="..\ID3v2\source\Frame\v22\ID3v2-Frame-TIM.cpp">
      <Filter>Source Files</Filter>
    </ClCompile>
    <ClCompile Include="..\ID3v2\source\Frame\v22\ID3v2-Frame-TKE.cpp">
      <Filter>Source Files</Filter>
    </ClCompile>
    <ClCompile Include="..\ID3v2\source\Frame\v22\ID3v2-Frame-TLA.cpp">
      <Filter>Source Files</Filter>
    </ClCompile>
    <ClCompile Include="..\ID3v2\source\Frame\v22\ID3v2-Frame-TLE.cpp">
      <Filter>Source Files</Filter>
    </ClCompile>
    <ClCompile Include="..\ID3v2\source\Frame\v22\ID3v2-Frame-TMT.cpp">
      <Filter>Source Files</Filter>
    </ClCompile>
    <ClCompile Include="..\ID3v2\source\Frame\v22\ID3v2-Frame-TOA.cpp">
      <Filter>Source Files</Filter>
    </ClCompile>
    <ClCompile Include="..\ID3v2\source\Frame\v22\ID3v2-Frame-TOF.cpp">
      <Filter>Source Files</Filter>
    </ClCompile>
    <ClCompile Include="..\ID3v2\source\Frame\v22\ID3v2-Frame-TOL.cpp">
      <Filter>Source Files</Filter>
    </ClCompile>
    <ClCompile Include="..\ID3v2\source\Frame\v22\ID3v2-Frame-TOR.cpp">
      <Filter>Source Files</Filter>
    </ClCompile>
    <ClCompile Include="..\ID3v2\source\Frame\v22\ID3v2-Frame-TOT.cpp">
      <Filter>Source Files</Filter>
    </ClCompile>
    <ClCompile Include="..\ID3v2\source\Frame\v22\ID3v2-Frame-TP1.cpp">
      <Filter>Source Files</Filter>
    </ClCompile>
    <ClCompile Include="..\ID3v2\source\Frame\v22\ID3v2-Frame-TP2.cpp">
      <Filter>Source Files</Filter>
    </ClCompile>
    <ClCompile Include="..\ID3v2\source\Frame\v22\ID3v2-Frame-TP3.cpp">
      <Filter>Source Files</Filter>
    </ClCompile>
    <ClCompile Include="..\ID3v2\source\Frame\v22\ID3v2-Frame-TP4.cpp">
      <Filter>Source Files</Filter>
    </ClCompile>
    <ClCompile Include="..\ID3v2\source\Frame\v22\ID3v2-Frame-TPA.cpp">
      <Filter>Source Files</Filter>
    </ClCompile>
    <ClCompile Include="..\ID3v2\source\Frame\v22\ID3v2-Frame-TPB.cpp">
      <Filter>Source Files</Filter>
    </ClCompile>
    <ClCompile Include="..\ID3v2\source\Frame\v22\ID3v2-Frame-TRC.cpp">
      <Filter>Source Files</Filter>
    </ClCompile>
    <ClCompile Include="..\ID3v2\source\Frame\v22\ID3v2-Frame-TRD.cpp">
      <Filter>Source Files</Filter>
    </ClCompile>
    <ClCompile Include="..\ID3v2\source\Frame\v22\ID3v2-Frame-TRK.cpp">
      <Filter>Source Files</Filter>
    </ClCompile>
    <ClCompile Include="..\ID3v2\source\Frame\v22\ID3v2-Frame-TSI.cpp">
      <Filter>Source Files</Filter>
    </ClCompile>
    <ClCompile Include="..\ID3v2\source\Frame\v22\ID3v2-Frame-TSS.cpp">
      <Filter>Source Files</Filter>
    </ClCompile>
    <ClCompile Include="..\ID3v2\source\Frame\v22\ID3v2-Frame-TT1.cpp">
      <Filter>Source Files</Filter>
    </ClCompile>
    <ClCompile Include="..\ID3v2\source\Frame\v22\ID3v2-Frame-TT2.cpp">
      <Filter>Source Files</Filter>
    </ClCompile>
    <ClCompile Include="..\ID3v2\source\Frame\v22\ID3v2-Frame-TT3.cpp">
      <Filter>Source Files</Filter>
    </ClCompile>
    <ClCompile Include="..\ID3v2\source\Frame\v22\ID3v2-Frame-TXT.cpp">
      <Filter>Source Files</Filter>
    </ClCompile>
    <ClCompile Include="..\ID3v2\source\Frame\v22\ID3v2-Frame-TXX.cpp">
      <Filter>Source Files</Filter>
    </ClCompile>
    <ClCompile Include="..\ID3v2\source\Frame\v22\ID3v2-Frame-TYE.cpp">
      <Filter>Source Files</Filter>
    </ClCompile>
    <ClCompile Include="..\ID3v2\source\Frame\v22\ID3v2-Frame-UFI.cpp">
      <Filter>Source Files</Filter>
    </ClCompile>
    <ClCompile Include="..\ID3v2\source\Frame\v22\ID3v2-Frame-ULT.cpp">
      <Filter>Source Files</Filter>
    </ClCompile>
    <ClCompile Include="..\ID3v2\source\Frame\v22\ID3v2-Frame-WAF.cpp">
      <Filter>Source Files</Filter>
    </ClCompile>
    <ClCompile Include="..\ID3v2\source\Frame\v22\ID3v2-Frame-WAR.cpp">
      <Filter>Source Files</Filter>
    </ClCompile>
    <ClCompile Include="..\ID3v2\source\Frame\v22\ID3v2-Frame-WAS.cpp">
      <Filter>Source Files</Filter>
    </ClCompile>
    <ClCompile Include="..\ID3v2\source\Frame\v22\ID3v2-Frame-WCM.cpp">
      <Filter>Source Files</Filter>
    </ClCompile>
    <ClCompile Include="..\ID3v2\source\Frame\v22\ID3v2-Frame-WCP.cpp">
      <Filter>Source Files</Filter>
    </ClCompile>
    <ClCompile Include="..\ID3v2\source\Frame\v22\ID3v2-Frame-WPB.cpp">
      <Filter>Source Files</Filter>
    </ClCompile>
    <ClCompile Include="..\ID3v2\source\Frame\v22\ID3v2-Frame-WXX.cpp">
      <Filter>Source Files</Filter>
    </ClCompile>
    <ClCompile Include="..\ID3v2\source\Frame\v23\ID3v2-Frame-AENC.cpp">
      <Filter>Source Files</Filter>
    </ClCompile>
    <ClCompile Include="..\ID3v2\source\Frame\v23\ID3v2-Frame-APIC.cpp">
      <Filter>Source Files</Filter>
    </ClCompile>
    <ClCompile Include="..\ID3v2\source\Frame\v23\ID3v2-Frame-COMM.cpp">
      <Filter>Source Files</Filter>
    </ClCompile>
    <ClCompile Include="..\ID3v2\source\Frame\v23\ID3v2-Frame-COMR.cpp">
      <Filter>Source Files</Filter>
    </ClCompile>
    <ClCompile Include="..\ID3v2\source\Frame\v23\ID3v2-Frame-ENCR.cpp">
      <Filter>Source Files</Filter>
    </ClCompile>
    <ClCompile Include="..\ID3v2\source\Frame\v23\ID3v2-Frame-EQUA.cpp">
      <Filter>Source Files</Filter>
    </ClCompile>
    <ClCompile Include="..\ID3v2\source\Frame\v23\ID3v2-Frame-ETCO.cpp">
      <Filter>Source Files</Filter>
    </ClCompile>
    <ClCompile Include="..\ID3v2\source\Frame\v23\ID3v2-Frame-GEOB.cpp">
      <Filter>Source Files</Filter>
    </ClCompile>
    <ClCompile Include="..\ID3v2\source\Frame\v23\ID3v2-Frame-GRID.cpp">
      <Filter>Source Files</Filter>
    </ClCompile>
    <ClCompile Include="..\ID3v2\source\Frame\v23\ID3v2-Frame-IPLS.cpp">
      <Filter>Source Files</Filter>
    </ClCompile>
    <ClCompile Include="..\ID3v2\source\Frame\v23\ID3v2-Frame-LINK.cpp">
      <Filter>Source Files</Filter>
    </ClCompile>
    <ClCompile Include="..\ID3v2\source\Frame\v23\ID3v2-Frame-MCDI.cpp">
      <Filter>Source Files</Filter>
    </ClCompile>
    <ClCompile Include="..\ID3v2\source\Frame\v23\ID3v2-Frame-MLLT.cpp">
      <Filter>Source Files</Filter>
    </ClCompile>
    <ClCompile Include="..\ID3v2\source\Frame\v23\ID3v2-Frame-OWNE.cpp">
      <Filter>Source Files</Filter>
    </ClCompile>
    <ClCompile Include="..\ID3v2\source\Frame\v23\ID3v2-Frame-PCNT.cpp">
      <Filter>Source Files</Filter>
    </ClCompile>
    <ClCompile Include="..\ID3v2\source\Frame\v23\ID3v2-Frame-POPM.cpp">
      <Filter>Source Files</Filter>
    </ClCompile>
    <ClCompile Include="..\ID3v2\source\Frame\v23\ID3v2-Frame-POSS.cpp">
      <Filter>Source Files</Filter>
    </ClCompile>
    <ClCompile Include="..\ID3v2\source\Frame\v23\ID3v2-Frame-PRIV.cpp">
      <Filter>Source Files</Filter>
    </ClCompile>
    <ClCompile Include="..\ID3v2\source\Frame\v23\ID3v2-Frame-RBUF.cpp">
      <Filter>Source Files</Filter>
    </ClCompile>
    <ClCompile Include="..\ID3v2\source\Frame\v23\ID3v2-Frame-RVAD.cpp">
      <Filter>Source Files</Filter>
    </ClCompile>
    <ClCompile Include="..\ID3v2\source\Frame\v23\ID3v2-Frame-RVRB.cpp">
      <Filter>Source Files</Filter>
    </ClCompile>
    <ClCompile Include="..\ID3v2\source\Frame\v23\ID3v2-Frame-SYLT.cpp">
      <Filter>Source Files</Filter>
    </ClCompile>
    <ClCompile Include="..\ID3v2\source\Frame\v23\ID3v2-Frame-SYTC.cpp">
      <Filter>Source Files</Filter>
    </ClCompile>
    <ClCompile Include="..\ID3v2\source\Frame\v23\ID3v2-Frame-TALB.cpp">
      <Filter>Source Files</Filter>
    </ClCompile>
    <ClCompile Include="..\ID3v2\source\Frame\v23\ID3v2-Frame-TBPM.cpp">
      <Filter>Source Files</Filter>
    </ClCompile>
    <ClCompile Include="..\ID3v2\source\Frame\v23\ID3v2-Frame-TCOM.cpp">
      <Filter>Source Files</Filter>
    </ClCompile>
    <ClCompile Include="..\ID3v2\source\Frame\v23\ID3v2-Frame-TCON.cpp">
      <Filter>Source Files</Filter>
    </ClCompile>
    <ClCompile Include="..\ID3v2\source\Frame\v23\ID3v2-Frame-TCOP.cpp">
      <Filter>Source Files</Filter>
    </ClCompile>
    <ClCompile Include="..\ID3v2\source\Frame\v23\ID3v2-Frame-TDAT.cpp">
      <Filter>Source Files</Filter>
    </ClCompile>
    <ClCompile Include="..\ID3v2\source\Frame\v23\ID3v2-Frame-TDLY.cpp">
      <Filter>Source Files</Filter>
    </ClCompile>
    <ClCompile Include="..\ID3v2\source\Frame\v23\ID3v2-Frame-TENC.cpp">
      <Filter>Source Files</Filter>
    </ClCompile>
    <ClCompile Include="..\ID3v2\source\Frame\v23\ID3v2-Frame-TEXT.cpp">
      <Filter>Source Files</Filter>
    </ClCompile>
    <ClCompile Include="..\ID3v2\source\Frame\v23\ID3v2-Frame-TFLT.cpp">
      <Filter>Source Files</Filter>
    </ClCompile>
    <ClCompile Include="..\ID3v2\source\Frame\v23\ID3v2-Frame-TIME.cpp">
      <Filter>Source Files</Filter>
    </ClCompile>
    <ClCompile Include="..\ID3v2\source\Frame\v23\ID3v2-Frame-TIT1.cpp">
      <Filter>Source Files</Filter>
    </ClCompile>
    <ClCompile Include="..\ID3v2\source\Frame\v23\ID3v2-Frame-TIT2.cpp">
      <Filter>Source Files</Filter>
    </ClCompile>
    <ClCompile Include="..\ID3v2\source\Frame\v23\ID3v2-Frame-TIT3.cpp">
      <Filter>Source Files</Filter>
    </ClCompile>
    <ClCompile Include="..\ID3v2\source\Frame\v23\ID3v2-Frame-TKEY.cpp">
      <Filter>Source Files</Filter>
    </ClCompile>
    <ClCompile Include="..\ID3v2\source\Frame\v23\ID3v2-Frame-TLAN.cpp">
      <Filter>Source Files</Filter>
    </ClCompile>
    <ClCompile Include="..\ID3v2\source\Frame\v23\ID3v2-Frame-TLEN.cpp">
      <Filter>Source Files</Filter>
    </ClCompile>
    <ClCompile Include="..\ID3v2\source\Frame\v23\ID3v2-Frame-TMED.cpp">
      <Filter>Source Files</Filter>
    </ClCompile>
    <ClCompile Include="..\ID3v2\source\Frame\v23\ID3v2-Frame-TOAL.cpp">
      <Filter>Source Files</Filter>
    </ClCompile>
    <ClCompile Include="..\ID3v2\source\Frame\v23\ID3v2-Frame-TOFN.cpp">
      <Filter>Source Files</Filter>
    </ClCompile>
    <ClCompile Include="..\ID3v2\source\Frame\v23\ID3v2-Frame-TOLY.cpp">
      <Filter>Source Files</Filter>
    </ClCompile>
    <ClCompile Include="..\ID3v2\source\Frame\v23\ID3v2-Frame-TOPE.cpp">
      <Filter>Source Files</Filter>
    </ClCompile>
    <ClCompile Include="..\ID3v2\source\Frame\v23\ID3v2-Frame-TORY.cpp">
      <Filter>Source Files</Filter>
    </ClCompile>
    <ClCompile Include="..\ID3v2\source\Frame\v23\ID3v2-Frame-TOWN.cpp">
      <Filter>Source Files</Filter>
    </ClCompile>
    <ClCompile Include="..\ID3v2\source\Frame\v23\ID3v2-Frame-TPE1.cpp">
      <Filter>Source Files</Filter>
    </ClCompile>
    <ClCompile Include="..\ID3v2\source\Frame\v23\ID3v2-Frame-TPE2.cpp">
      <Filter>Source Files</Filter>
    </ClCompile>
    <ClCompile Include="..\ID3v2\source\Frame\v23\ID3v2-Frame-TPE3.cpp">
      <Filter>Source Files</Filter>
    </ClCompile>
    <ClCompile Include="..\ID3v2\source\Frame\v23\ID3v2-Frame-TPE4.cpp">
      <Filter>Source Files</Filter>
    </ClCompile>
    <ClCompile Include="..\ID3v2\source\Frame\v23\ID3v2-Frame-TPOS.cpp">
      <Filter>Source Files</Filter>
    </ClCompile>
    <ClCompile Include="..\ID3v2\source\Frame\v23\ID3v2-Frame-TPUB.cpp">
      <Filter>Source Files</Filter>
    </ClCompile>
    <ClCompile Include="..\ID3v2\source\Frame\v23\ID3v2-Frame-TRCK.cpp">
      <Filter>Source Files</Filter>
    </ClCompile>
    <ClCompile Include="..\ID3v2\source\Frame\v23\ID3v2-Frame-TRDA.cpp">
      <Filter>Source Files</Filter>
    </ClCompile>
    <ClCompile Include="..\ID3v2\source\Frame\v23\ID3v2-Frame-TRSN.cpp">
      <Filter>Source Files</Filter>
    </ClCompile>
    <ClCompile Include="..\ID3v2\source\Frame\v23\ID3v2-Frame-TRSO.cpp">
      <Filter>Source Files</Filter>
    </ClCompile>
    <ClCompile Include="..\ID3v2\source\Frame\v23\ID3v2-Frame-TSIZ.cpp">
      <Filter>Source Files</Filter>
    </ClCompile>
    <ClCompile Include="..\ID3v2\source\Frame\v23\ID3v2-Frame-TSRC.cpp">
      <Filter>Source Files</Filter>
    </ClCompile>
    <ClCompile Include="..\ID3v2\source\Frame\v23\ID3v2-Frame-TSSE.cpp">
      <Filter>Source Files</Filter>
    </ClCompile>
    <ClCompile Include="..\ID3v2\source\Frame\v23\ID3v2-Frame-TXXX.cpp">
      <Filter>Source Files</Filter>
    </ClCompile>
    <ClCompile Include="..\ID3v2\source\Frame\v23\ID3v2-Frame-TYER.cpp">
      <Filter>Source Files</Filter>
    </ClCompile>
    <ClCompile Include="..\ID3v2\source\Frame\v23\ID3v2-Frame-UFID.cpp">
      <Filter>Source Files</Filter>
    </ClCompile>
    <ClCompile Include="..\ID3v2\source\Frame\v23\ID3v2-Frame-USER.cpp">
      <Filter>Source Files</Filter>
    </ClCompile>
    <ClCompile Include="..\ID3v2\source\Frame\v23\ID3v2-Frame-USLT.cpp">
      <Filter>Source Files</Filter>
    </ClCompile>
    <ClCompile Include="..\ID3v2\source\Frame\v23\ID3v2-Frame-WCOM.cpp">
      <Filter>Source Files</Filter>
    </ClCompile>
    <ClCompile Include="..\ID3v2\source\Frame\v23\ID3v2-Frame-WCOP.cpp">
      <Filter>Source Files</Filter>
    </ClCompile>
    <ClCompile Include="..\ID3v2\source\Frame\v23\ID3v2-Frame-WOAF.cpp">
      <Filter>Source Files</Filter>
    </ClCompile>
    <ClCompile Include="..\ID3v2\source\Frame\v23\ID3v2-Frame-WOAR.cpp">
      <Filter>Source Files</Filter>
    </ClCompile>
    <ClCompile Include="..\ID3v2\source\Frame\v23\ID3v2-Frame-WOAS.cpp">
      <Filter>Source Files</Filter>
    </ClCompile>
    <ClCompile Include="..\ID3v2\source\Frame\v23\ID3v2-Frame-WORS.cpp">
      <Filter>Source Files</Filter>
    </ClCompile>
    <ClCompile Include="..\ID3v2\source\Frame\v23\ID3v2-Frame-WPAY.cpp">
      <Filter>Source Files</Filter>
    </ClCompile>
    <ClCompile Include="..\ID3v2\source\Frame\v23\ID3v2-Frame-WPUB.cpp">
      <Filter>Source Files</Filter>
    </ClCompile>
    <ClCompile Include="..\ID3v2\source\Frame\v23\ID3v2-Frame-WXXX.cpp">
      <Filter>Source Files</Filter>
    </ClCompile>
    <ClCompile Include="..\ID3v2\source\ID3v2-AbstractFrame.cpp">
      <Filter>Source Files</Filter>
    </ClCompile>
    <ClCompile Include="..\ID3v2\source\ID3v2-ExtendedHeader.cpp">
      <Filter>Source Files</Filter>
    </ClCompile>
    <ClCompile Include="..\ID3v2\source\ID3v2-Tag.cpp">
      <Filter>Source Files</Filter>
    </ClCompile>
    <ClCompile Include="..\ID3v2\source\ID3v2-TextFrame.cpp">
      <Filter>Source Files</Filter>
    </ClCompile>
    <ClCompile Include="..\ID3v2\source\ID3v2-Version.cpp">
      <Filter>Source Files</Filter>
    </ClCompile>
  </ItemGroup>
  <ItemGroup>
    <ClInclude Include="..\ID3v2\include\ID3v2\Frame\ID3v2-Frame-Unknown.h">
      <Filter>Header Files</Filter>
    </ClInclude>
    <ClInclude Include="..\ID3v2\include\ID3v2\Frame\v22\ID3v2-Frame-BUF.h">
      <Filter>Header Files</Filter>
    </ClInclude>
    <ClInclude Include="..\ID3v2\include\ID3v2\Frame\v22\ID3v2-Frame-CNT.h">
      <Filter>Header Files</Filter>
    </ClInclude>
    <ClInclude Include="..\ID3v2\include\ID3v2\Frame\v22\ID3v2-Frame-COM.h">
      <Filter>Header Files</Filter>
    </ClInclude>
    <ClInclude Include="..\ID3v2\include\ID3v2\Frame\v22\ID3v2-Frame-CRA.h">
      <Filter>Header Files</Filter>
    </ClInclude>
    <ClInclude Include="..\ID3v2\include\ID3v2\Frame\v22\ID3v2-Frame-CRM.h">
      <Filter>Header Files</Filter>
    </ClInclude>
    <ClInclude Include="..\ID3v2\include\ID3v2\Frame\v22\ID3v2-Frame-EQU.h">
      <Filter>Header Files</Filter>
    </ClInclude>
    <ClInclude Include="..\ID3v2\include\ID3v2\Frame\v22\ID3v2-Frame-ETC.h">
      <Filter>Header Files</Filter>
    </ClInclude>
    <ClInclude Include="..\ID3v2\include\ID3v2\Frame\v22\ID3v2-Frame-GEO.h">
      <Filter>Header Files</Filter>
    </ClInclude>
    <ClInclude Include="..\ID3v2\include\ID3v2\Frame\v22\ID3v2-Frame-IPL.h">
      <Filter>Header Files</Filter>
    </ClInclude>
    <ClInclude Include="..\ID3v2\include\ID3v2\Frame\v22\ID3v2-Frame-LNK.h">
      <Filter>Header Files</Filter>
    </ClInclude>
    <ClInclude Include="..\ID3v2\include\ID3v2\Frame\v22\ID3v2-Frame-MCI.h">
      <Filter>Header Files</Filter>
    </ClInclude>
    <ClInclude Include="..\ID3v2\include\ID3v2\Frame\v22\ID3v2-Frame-MLL.h">
      <Filter>Header Files</Filter>
    </ClInclude>
    <ClInclude Include="..\ID3v2\include\ID3v2\Frame\v22\ID3v2-Frame-PIC.h">
      <Filter>Header Files</Filter>
    </ClInclude>
    <ClInclude Include="..\ID3v2\include\ID3v2\Frame\v22\ID3v2-Frame-POP.h">
      <Filter>Header Files</Filter>
    </ClInclude>
    <ClInclude Include="..\ID3v2\include\ID3v2\Frame\v22\ID3v2-Frame-REV.h">
      <Filter>Header Files</Filter>
    </ClInclude>
    <ClInclude Include="..\ID3v2\include\ID3v2\Frame\v22\ID3v2-Frame-RVA.h">
      <Filter>Header Files</Filter>
    </ClInclude>
    <ClInclude Include="..\ID3v2\include\ID3v2\Frame\v22\ID3v2-Frame-SLT.h">
      <Filter>Header Files</Filter>
    </ClInclude>
    <ClInclude Include="..\ID3v2\include\ID3v2\Frame\v22\ID3v2-Frame-STC.h">
      <Filter>Header Files</Filter>
    </ClInclude>
    <ClInclude Include="..\ID3v2\include\ID3v2\Frame\v22\ID3v2-Frame-TAL.h">
      <Filter>Header Files</Filter>
    </ClInclude>
    <ClInclude Include="..\ID3v2\include\ID3v2\Frame\v22\ID3v2-Frame-TBP.h">
      <Filter>Header Files</Filter>
    </ClInclude>
    <ClInclude Include="..\ID3v2\include\ID3v2\Frame\v22\ID3v2-Frame-TCM.h">
      <Filter>Header Files</Filter>
    </ClInclude>
    <ClInclude Include="..\ID3v2\include\ID3v2\Frame\v22\ID3v2-Frame-TCO.h">
      <Filter>Header Files</Filter>
    </ClInclude>
    <ClInclude Include="..\ID3v2\include\ID3v2\Frame\v22\ID3v2-Frame-TCR.h">
      <Filter>Header Files</Filter>
    </ClInclude>
    <ClInclude Include="..\ID3v2\include\ID3v2\Frame\v22\ID3v2-Frame-TDA.h">
      <Filter>Header Files</Filter>
    </ClInclude>
    <ClInclude Include="..\ID3v2\include\ID3v2\Frame\v22\ID3v2-Frame-TDY.h">
      <Filter>Header Files</Filter>
    </ClInclude>
    <ClInclude Include="..\ID3v2\include\ID3v2\Frame\v22\ID3v2-Frame-TEN.h">
      <Filter>Header Files</Filter>
    </ClInclude>
    <ClInclude Include="..\ID3v2\include\ID3v2\Frame\v22\ID3v2-Frame-TFT.h">
      <Filter>Header Files</Filter>
    </ClInclude>
    <ClInclude Include="..\ID3v2\include\ID3v2\Frame\v22\ID3v2-Frame-TIM.h">
      <Filter>Header Files</Filter>
    </ClInclude>
    <ClInclude Include="..\ID3v2\include\ID3v2\Frame\v22\ID3v2-Frame-TKE.h">
      <Filter>Header Files</Filter>
    </ClInclude>
    <ClInclude Include="..\ID3v2\include\ID3v2\Frame\v22\ID3v2-Frame-TLA.h">
      <Filter>Header Files</Filter>
    </ClInclude>
    <ClInclude Include="..\ID3v2\include\ID3v2\Frame\v22\ID3v2-Frame-TLE.h">
      <Filter>Header Files</Filter>
    </ClInclude>
    <ClInclude Include="..\ID3v2\include\ID3v2\Frame\v22\ID3v2-Frame-TMT.h">
      <Filter>Header Files</Filter>
    </ClInclude>
    <ClInclude Include="..\ID3v2\include\ID3v2\Frame\v22\ID3v2-Frame-TOA.h">
      <Filter>Header Files</Filter>
    </ClInclude>
    <ClInclude Include="..\ID3v2\include\ID3v2\Frame\v22\ID3v2-Frame-TOF.h">
      <Filter>Header Files</Filter>
    </ClInclude>
    <ClInclude Include="..\ID3v2\include\ID3v2\Frame\v22\ID3v2-Frame-TOL.h">
      <Filter>Header Files</Filter>
    </ClInclude>
    <ClInclude Include="..\ID3v2\include\ID3v2\Frame\v22\ID3v2-Frame-TOR.h">
      <Filter>Header Files</Filter>
    </ClInclude>
    <ClInclude Include="..\ID3v2\include\ID3v2\Frame\v22\ID3v2-Frame-TOT.h">
      <Filter>Header Files</Filter>
    </ClInclude>
    <ClInclude Include="..\ID3v2\include\ID3v2\Frame\v22\ID3v2-Frame-TP1.h">
      <Filter>Header Files</Filter>
    </ClInclude>
    <ClInclude Include="..\ID3v2\include\ID3v2\Frame\v22\ID3v2-Frame-TP2.h">
      <Filter>Header Files</Filter>
    </ClInclude>
    <ClInclude Include="..\ID3v2\include\ID3v2\Frame\v22\ID3v2-Frame-TP3.h">
      <Filter>Header Files</Filter>
    </ClInclude>
    <ClInclude Include="..\ID3v2\include\ID3v2\Frame\v22\ID3v2-Frame-TP4.h">
      <Filter>Header Files</Filter>
    </ClInclude>
    <ClInclude Include="..\ID3v2\include\ID3v2\Frame\v22\ID3v2-Frame-TPA.h">
      <Filter>Header Files</Filter>
    </ClInclude>
    <ClInclude Include="..\ID3v2\include\ID3v2\Frame\v22\ID3v2-Frame-TPB.h">
      <Filter>Header Files</Filter>
    </ClInclude>
    <ClInclude Include="..\ID3v2\include\ID3v2\Frame\v22\ID3v2-Frame-TRC.h">
      <Filter>Header Files</Filter>
    </ClInclude>
    <ClInclude Include="..\ID3v2\include\ID3v2\Frame\v22\ID3v2-Frame-TRD.h">
      <Filter>Header Files</Filter>
    </ClInclude>
    <ClInclude Include="..\ID3v2\include\ID3v2\Frame\v22\ID3v2-Frame-TRK.h">
      <Filter>Header Files</Filter>
    </ClInclude>
    <ClInclude Include="..\ID3v2\include\ID3v2\Frame\v22\ID3v2-Frame-TSI.h">
      <Filter>Header Files</Filter>
    </ClInclude>
    <ClInclude Include="..\ID3v2\include\ID3v2\Frame\v22\ID3v2-Frame-TSS.h">
      <Filter>Header Files</Filter>
    </ClInclude>
    <ClInclude Include="..\ID3v2\include\ID3v2\Frame\v22\ID3v2-Frame-TT1.h">
      <Filter>Header Files</Filter>
    </ClInclude>
    <ClInclude Include="..\ID3v2\include\ID3v2\Frame\v22\ID3v2-Frame-TT2.h">
      <Filter>Header Files</Filter>
    </ClInclude>
    <ClInclude Include="..\ID3v2\include\ID3v2\Frame\v22\ID3v2-Frame-TT3.h">
      <Filter>Header Files</Filter>
    </ClInclude>
    <ClInclude Include="..\ID3v2\include\ID3v2\Frame\v22\ID3v2-Frame-TXT.h">
      <Filter>Header Files</Filter>
    </ClInclude>
    <ClInclude Include="..\ID3v2\include\ID3v2\Frame\v22\ID3v2-Frame-TXX.h">
      <Filter>Header Files</Filter>
    </ClInclude>
    <ClInclude Include="..\ID3v2\include\ID3v2\Frame\v22\ID3v2-Frame-TYE.h">
      <Filter>Header Files</Filter>
    </ClInclude>
    <ClInclude Include="..\ID3v2\include\ID3v2\Frame\v22\ID3v2-Frame-UFI.h">
      <Filter>Header Files</Filter>
    </ClInclude>
    <ClInclude Include="..\ID3v2\include\ID3v2\Frame\v22\ID3v2-Frame-ULT.h">
      <Filter>Header Files</Filter>
    </ClInclude>
    <ClInclude Include="..\ID3v2\include\ID3v2\Frame\v22\ID3v2-Frame-WAF.h">
      <Filter>Header Files</Filter>
    </ClInclude>
    <ClInclude Include="..\ID3v2\include\ID3v2\Frame\v22\ID3v2-Frame-WAR.h">
      <Filter>Header Files</Filter>
    </ClInclude>
    <ClInclude Include="..\ID3v2\include\ID3v2\Frame\v22\ID3v2-Frame-WAS.h">
      <Filter>Header Files</Filter>
    </ClInclude>
    <ClInclude Include="..\ID3v2\include\ID3v2\Frame\v22\ID3v2-Frame-WCM.h">
      <Filter>Header Files</Filter>
    </ClInclude>
    <ClInclude Include="..\ID3v2\include\ID3v2\Frame\v22\ID3v2-Frame-WCP.h">
      <Filter>Header Files</Filter>
    </ClInclude>
    <ClInclude Include="..\ID3v2\include\ID3v2\Frame\v22\ID3v2-Frame-WPB.h">
      <Filter>Header Files</Filter>
    </ClInclude>
    <ClInclude Include="..\ID3v2\include\ID3v2\Frame\v22\ID3v2-Frame-WXX.h">
      <Filter>Header Files</Filter>
    </ClInclude>
    <ClInclude Include="..\ID3v2\include\ID3v2\Frame\v23\ID3v2-Frame-AENC.h">
      <Filter>Header Files</Filter>
    </ClInclude>
    <ClInclude Include="..\ID3v2\include\ID3v2\Frame\v23\ID3v2-Frame-APIC.h">
      <Filter>Header Files</Filter>
    </ClInclude>
    <ClInclude Include="..\ID3v2\include\ID3v2\Frame\v23\ID3v2-Frame-COMM.h">
      <Filter>Header Files</Filter>
    </ClInclude>
    <ClInclude Include="..\ID3v2\include\ID3v2\Frame\v23\ID3v2-Frame-COMR.h">
      <Filter>Header Files</Filter>
    </ClInclude>
    <ClInclude Include="..\ID3v2\include\ID3v2\Frame\v23\ID3v2-Frame-ENCR.h">
      <Filter>Header Files</Filter>
    </ClInclude>
    <ClInclude Include="..\ID3v2\include\ID3v2\Frame\v23\ID3v2-Frame-EQUA.h">
      <Filter>Header Files</Filter>
    </ClInclude>
    <ClInclude Include="..\ID3v2\include\ID3v2\Frame\v23\ID3v2-Frame-ETCO.h">
      <Filter>Header Files</Filter>
    </ClInclude>
    <ClInclude Include="..\ID3v2\include\ID3v2\Frame\v23\ID3v2-Frame-GEOB.h">
      <Filter>Header Files</Filter>
    </ClInclude>
    <ClInclude Include="..\ID3v2\include\ID3v2\Frame\v23\ID3v2-Frame-GRID.h">
      <Filter>Header Files</Filter>
    </ClInclude>
    <ClInclude Include="..\ID3v2\include\ID3v2\Frame\v23\ID3v2-Frame-IPLS.h">
      <Filter>Header Files</Filter>
    </ClInclude>
    <ClInclude Include="..\ID3v2\include\ID3v2\Frame\v23\ID3v2-Frame-LINK.h">
      <Filter>Header Files</Filter>
    </ClInclude>
    <ClInclude Include="..\ID3v2\include\ID3v2\Frame\v23\ID3v2-Frame-MCDI.h">
      <Filter>Header Files</Filter>
    </ClInclude>
    <ClInclude Include="..\ID3v2\include\ID3v2\Frame\v23\ID3v2-Frame-MLLT.h">
      <Filter>Header Files</Filter>
    </ClInclude>
    <ClInclude Include="..\ID3v2\include\ID3v2\Frame\v23\ID3v2-Frame-OWNE.h">
      <Filter>Header Files</Filter>
    </ClInclude>
    <ClInclude Include="..\ID3v2\include\ID3v2\Frame\v23\ID3v2-Frame-PCNT.h">
      <Filter>Header Files</Filter>
    </ClInclude>
    <ClInclude Include="..\ID3v2\include\ID3v2\Frame\v23\ID3v2-Frame-POPM.h">
      <Filter>Header Files</Filter>
    </ClInclude>
    <ClInclude Include="..\ID3v2\include\ID3v2\Frame\v23\ID3v2-Frame-POSS.h">
      <Filter>Header Files</Filter>
    </ClInclude>
    <ClInclude Include="..\ID3v2\include\ID3v2\Frame\v23\ID3v2-Frame-PRIV.h">
      <Filter>Header Files</Filter>
    </ClInclude>
    <ClInclude Include="..\ID3v2\include\ID3v2\Frame\v23\ID3v2-Frame-RBUF.h">
      <Filter>Header Files</Filter>
    </ClInclude>
    <ClInclude Include="..\ID3v2\include\ID3v2\Frame\v23\ID3v2-Frame-RVAD.h">
      <Filter>Header Files</Filter>
    </ClInclude>
    <ClInclude Include="..\ID3v2\include\ID3v2\Frame\v23\ID3v2-Frame-RVRB.h">
      <Filter>Header Files</Filter>
    </ClInclude>
    <ClInclude Include="..\ID3v2\include\ID3v2\Frame\v23\ID3v2-Frame-SYLT.h">
      <Filter>Header Files</Filter>
    </ClInclude>
    <ClInclude Include="..\ID3v2\include\ID3v2\Frame\v23\ID3v2-Frame-SYTC.h">
      <Filter>Header Files</Filter>
    </ClInclude>
    <ClInclude Include="..\ID3v2\include\ID3v2\Frame\v23\ID3v2-Frame-TALB.h">
      <Filter>Header Files</Filter>
    </ClInclude>
    <ClInclude Include="..\ID3v2\include\ID3v2\Frame\v23\ID3v2-Frame-TBPM.h">
      <Filter>Header Files</Filter>
    </ClInclude>
    <ClInclude Include="..\ID3v2\include\ID3v2\Frame\v23\ID3v2-Frame-TCOM.h">
      <Filter>Header Files</Filter>
    </ClInclude>
    <ClInclude Include="..\ID3v2\include\ID3v2\Frame\v23\ID3v2-Frame-TCON.h">
      <Filter>Header Files</Filter>
    </ClInclude>
    <ClInclude Include="..\ID3v2\include\ID3v2\Frame\v23\ID3v2-Frame-TCOP.h">
      <Filter>Header Files</Filter>
    </ClInclude>
    <ClInclude Include="..\ID3v2\include\ID3v2\Frame\v23\ID3v2-Frame-TDAT.h">
      <Filter>Header Files</Filter>
    </ClInclude>
    <ClInclude Include="..\ID3v2\include\ID3v2\Frame\v23\ID3v2-Frame-TDLY.h">
      <Filter>Header Files</Filter>
    </ClInclude>
    <ClInclude Include="..\ID3v2\include\ID3v2\Frame\v23\ID3v2-Frame-TENC.h">
      <Filter>Header Files</Filter>
    </ClInclude>
    <ClInclude Include="..\ID3v2\include\ID3v2\Frame\v23\ID3v2-Frame-TEXT.h">
      <Filter>Header Files</Filter>
    </ClInclude>
    <ClInclude Include="..\ID3v2\include\ID3v2\Frame\v23\ID3v2-Frame-TFLT.h">
      <Filter>Header Files</Filter>
    </ClInclude>
    <ClInclude Include="..\ID3v2\include\ID3v2\Frame\v23\ID3v2-Frame-TIME.h">
      <Filter>Header Files</Filter>
    </ClInclude>
    <ClInclude Include="..\ID3v2\include\ID3v2\Frame\v23\ID3v2-Frame-TIT1.h">
      <Filter>Header Files</Filter>
    </ClInclude>
    <ClInclude Include="..\ID3v2\include\ID3v2\Frame\v23\ID3v2-Frame-TIT2.h">
      <Filter>Header Files</Filter>
    </ClInclude>
    <ClInclude Include="..\ID3v2\include\ID3v2\Frame\v23\ID3v2-Frame-TIT3.h">
      <Filter>Header Files</Filter>
    </ClInclude>
    <ClInclude Include="..\ID3v2\include\ID3v2\Frame\v23\ID3v2-Frame-TKEY.h">
      <Filter>Header Files</Filter>
    </ClInclude>
    <ClInclude Include="..\ID3v2\include\ID3v2\Frame\v23\ID3v2-Frame-TLAN.h">
      <Filter>Header Files</Filter>
    </ClInclude>
    <ClInclude Include="..\ID3v2\include\ID3v2\Frame\v23\ID3v2-Frame-TLEN.h">
      <Filter>Header Files</Filter>
    </ClInclude>
    <ClInclude Include="..\ID3v2\include\ID3v2\Frame\v23\ID3v2-Frame-TMED.h">
      <Filter>Header Files</Filter>
    </ClInclude>
    <ClInclude Include="..\ID3v2\include\ID3v2\Frame\v23\ID3v2-Frame-TOAL.h">
      <Filter>Header Files</Filter>
    </ClInclude>
    <ClInclude Include="..\ID3v2\include\ID3v2\Frame\v23\ID3v2-Frame-TOFN.h">
      <Filter>Header Files</Filter>
    </ClInclude>
    <ClInclude Include="..\ID3v2\include\ID3v2\Frame\v23\ID3v2-Frame-TOLY.h">
      <Filter>Header Files</Filter>
    </ClInclude>
    <ClInclude Include="..\ID3v2\include\ID3v2\Frame\v23\ID3v2-Frame-TOPE.h">
      <Filter>Header Files</Filter>
    </ClInclude>
    <ClInclude Include="..\ID3v2\include\ID3v2\Frame\v23\ID3v2-Frame-TORY.h">
      <Filter>Header Files</Filter>
    </ClInclude>
    <ClInclude Include="..\ID3v2\include\ID3v2\Frame\v23\ID3v2-Frame-TOWN.h">
      <Filter>Header Files</Filter>
    </ClInclude>
    <ClInclude Include="..\ID3v2\include\ID3v2\Frame\v23\ID3v2-Frame-TPE1.h">
      <Filter>Header Files</Filter>
    </ClInclude>
    <ClInclude Include="..\ID3v2\include\ID3v2\Frame\v23\ID3v2-Frame-TPE2.h">
      <Filter>Header Files</Filter>
    </ClInclude>
    <ClInclude Include="..\ID3v2\include\ID3v2\Frame\v23\ID3v2-Frame-TPE3.h">
      <Filter>Header Files</Filter>
    </ClInclude>
    <ClInclude Include="..\ID3v2\include\ID3v2\Frame\v23\ID3v2-Frame-TPE4.h">
      <Filter>Header Files</Filter>
    </ClInclude>
    <ClInclude Include="..\ID3v2\include\ID3v2\Frame\v23\ID3v2-Frame-TPOS.h">
      <Filter>Header Files</Filter>
    </ClInclude>
    <ClInclude Include="..\ID3v2\include\ID3v2\Frame\v23\ID3v2-Frame-TPUB.h">
      <Filter>Header Files</Filter>
    </ClInclude>
    <ClInclude Include="..\ID3v2\include\ID3v2\Frame\v23\ID3v2-Frame-TRCK.h">
      <Filter>Header Files</Filter>
    </ClInclude>
    <ClInclude Include="..\ID3v2\include\ID3v2\Frame\v23\ID3v2-Frame-TRDA.h">
      <Filter>Header Files</Filter>
    </ClInclude>
    <ClInclude Include="..\ID3v2\include\ID3v2\Frame\v23\ID3v2-Frame-TRSN.h">
      <Filter>Header Files</Filter>
    </ClInclude>
    <ClInclude Include="..\ID3v2\include\ID3v2\Frame\v23\ID3v2-Frame-TRSO.h">
      <Filter>Header Files</Filter>
    </ClInclude>
    <ClInclude Include="..\ID3v2\include\ID3v2\Frame\v23\ID3v2-Frame-TSIZ.h">
      <Filter>Header Files</Filter>
    </ClInclude>
    <ClInclude Include="..\ID3v2\include\ID3v2\Frame\v23\ID3v2-Frame-TSRC.h">
      <Filter>Header Files</Filter>
    </ClInclude>
    <ClInclude Include="..\ID3v2\include\ID3v2\Frame\v23\ID3v2-Frame-TSSE.h">
      <Filter>Header Files</Filter>
    </ClInclude>
    <ClInclude Include="..\ID3v2\include\ID3v2\Frame\v23\ID3v2-Frame-TXXX.h">
      <Filter>Header Files</Filter>
    </ClInclude>
    <ClInclude Include="..\ID3v2\include\ID3v2\Frame\v23\ID3v2-Frame-TYER.h">
      <Filter>Header Files</Filter>
    </ClInclude>
    <ClInclude Include="..\ID3v2\include\ID3v2\Frame\v23\ID3v2-Frame-UFID.h">
      <Filter>Header Files</Filter>
    </ClInclude>
    <ClInclude Include="..\ID3v2\include\ID3v2\Frame\v23\ID3v2-Frame-USER.h">
      <Filter>Header Files</Filter>
    </ClInclude>
    <ClInclude Include="..\ID3v2\include\ID3v2\Frame\v23\ID3v2-Frame-USLT.h">
      <Filter>Header Files</Filter>
    </ClInclude>
    <ClInclude Include="..\ID3v2\include\ID3v2\Frame\v23\ID3v2-Frame-WCOM.h">
      <Filter>Header Files</Filter>
    </ClInclude>
    <ClInclude Include="..\ID3v2\include\ID3v2\Frame\v23\ID3v2-Frame-WCOP.h">
      <Filter>Header Files</Filter>
    </ClInclude>
    <ClInclude Include="..\ID3v2\include\ID3v2\Frame\v23\ID3v2-Frame-WOAF.h">
      <Filter>Header Files</Filter>
    </ClInclude>
    <ClInclude Include="..\ID3v2\include\ID3v2\Frame\v23\ID3v2-Frame-WOAR.h">
      <Filter>Header Files</Filter>
    </ClInclude>
    <ClInclude Include="..\ID3v2\include\ID3v2\Frame\v23\ID3v2-Frame-WOAS.h">
      <Filter>Header Files</Filter>
    </ClInclude>
    <ClInclude Include="..\ID3v2\include\ID3v2\Frame\v23\ID3v2-Frame-WORS.h">
      <Filter>Header Files</Filter>
    </ClInclude>
    <ClInclude Include="..\ID3v2\include\ID3v2\Frame\v23\ID3v2-Frame-WPAY.h">
      <Filter>Header Files</Filter>
    </ClInclude>
    <ClInclude Include="..\ID3v2\include\ID3v2\Frame\v23\ID3v2-Frame-WPUB.h">
      <Filter>Header Files</Filter>
    </ClInclude>
    <ClInclude Include="..\ID3v2\include\ID3v2\Frame\v23\ID3v2-Frame-WXXX.h">
      <Filter>Header Files</Filter>
    </ClInclude>
    <ClInclude Include="..\ID3v2\include\ID3v2\ID3v2-AbstractFrame.h">
      <Filter>Header Files</Filter>
    </ClInclude>
    <ClInclude Include="..\ID3v2\include\ID3v2\ID3v2-ExtendedHeader.h">
      <Filter>Header Files</Filter>
    </ClInclude>
    <ClInclude Include="..\ID3v2\include\ID3v2\ID3v2-PrivateTypes.h">
      <Filter>Header Files</Filter>
    </ClInclude>
    <ClInclude Include="..\ID3v2\include\ID3v2\ID3v2-Tag.h">
      <Filter>Header Files</Filter>
    </ClInclude>
    <ClInclude Include="..\ID3v2\include\ID3v2\ID3v2-TextFrame.h">
      <Filter>Header Files</Filter>
    </ClInclude>
    <ClInclude Include="..\ID3v2\include\ID3v2\ID3v2-Version.h">
      <Filter>Header Files</Filter>
    </ClInclude>
    <ClInclude Include="..\ID3v2\include\ID3v2.h">
      <Filter>Header Files</Filter>
    </ClInclude>
  </ItemGroup>
</Project>